
Microsoft Visual Studio Solution File, Format Version 12.00
# Visual Studio Version 17
VisualStudioVersion = 17.5.002.0
MinimumVisualStudioVersion = 10.0.40219.1
Project("{9A19103F-16F7-4668-BE54-9A1E7A4F7556}") = "AOC Day 3", "AOC Day 3.csproj", "{835584C6-F7E7-429E-9F2F-E6B6B51F2924}"
EndProject
Global
	GlobalSection(SolutionConfigurationPlatforms) = preSolution
		Debug|Any CPU = Debug|Any CPU
		Release|Any CPU = Release|Any CPU
	EndGlobalSection
	GlobalSection(ProjectConfigurationPlatforms) = postSolution
		{835584C6-F7E7-429E-9F2F-E6B6B51F2924}.Debug|Any CPU.ActiveCfg = Debug|Any CPU
		{835584C6-F7E7-429E-9F2F-E6B6B51F2924}.Debug|Any CPU.Build.0 = Debug|Any CPU
		{835584C6-F7E7-429E-9F2F-E6B6B51F2924}.Release|Any CPU.ActiveCfg = Release|Any CPU
		{835584C6-F7E7-429E-9F2F-E6B6B51F2924}.Release|Any CPU.Build.0 = Release|Any CPU
	EndGlobalSection
	GlobalSection(SolutionProperties) = preSolution
		HideSolutionNode = FALSE
	EndGlobalSection
	GlobalSection(ExtensibilityGlobals) = postSolution
		SolutionGuid = {8C032445-304A-4E74-8EFA-351545AD7EE8}
	EndGlobalSection
EndGlobal
